
Microsoft Visual Studio Solution File, Format Version 12.00
# Visual Studio Version 16
VisualStudioVersion = 16.0.30128.74
MinimumVisualStudioVersion = 10.0.40219.1
Project("{FAE04EC0-301F-11D3-BF4B-00C04F79EFBC}") = "GUI", "GUI\GUI.csproj", "{4D5D250D-8176-4931-9A54-80695C905202}"
EndProject
Project("{FAE04EC0-301F-11D3-BF4B-00C04F79EFBC}") = "BUS", "BUS\BUS.csproj", "{BDA69353-AE34-4137-8CBA-DA06828E8643}"
EndProject
Project("{FAE04EC0-301F-11D3-BF4B-00C04F79EFBC}") = "DAL", "DAL\DAL.csproj", "{AB2A6B86-4AF0-4FDE-AD73-6F12496056C7}"
EndProject
Global
	GlobalSection(SolutionConfigurationPlatforms) = preSolution
		Debug|Any CPU = Debug|Any CPU
		Release|Any CPU = Release|Any CPU
	EndGlobalSection
	GlobalSection(ProjectConfigurationPlatforms) = postSolution
		{4D5D250D-8176-4931-9A54-80695C905202}.Debug|Any CPU.ActiveCfg = Debug|Any CPU
		{4D5D250D-8176-4931-9A54-80695C905202}.Debug|Any CPU.Build.0 = Debug|Any CPU
		{4D5D250D-8176-4931-9A54-80695C905202}.Release|Any CPU.ActiveCfg = Release|Any CPU
		{4D5D250D-8176-4931-9A54-80695C905202}.Release|Any CPU.Build.0 = Release|Any CPU
		{BDA69353-AE34-4137-8CBA-DA06828E8643}.Debug|Any CPU.ActiveCfg = Debug|Any CPU
		{BDA69353-AE34-4137-8CBA-DA06828E8643}.Debug|Any CPU.Build.0 = Debug|Any CPU
		{BDA69353-AE34-4137-8CBA-DA06828E8643}.Release|Any CPU.ActiveCfg = Release|Any CPU
		{BDA69353-AE34-4137-8CBA-DA06828E8643}.Release|Any CPU.Build.0 = Release|Any CPU
		{AB2A6B86-4AF0-4FDE-AD73-6F12496056C7}.Debug|Any CPU.ActiveCfg = Debug|Any CPU
		{AB2A6B86-4AF0-4FDE-AD73-6F12496056C7}.Debug|Any CPU.Build.0 = Debug|Any CPU
		{AB2A6B86-4AF0-4FDE-AD73-6F12496056C7}.Release|Any CPU.ActiveCfg = Release|Any CPU
		{AB2A6B86-4AF0-4FDE-AD73-6F12496056C7}.Release|Any CPU.Build.0 = Release|Any CPU
	EndGlobalSection
	GlobalSection(SolutionProperties) = preSolution
		HideSolutionNode = FALSE
	EndGlobalSection
	GlobalSection(ExtensibilityGlobals) = postSolution
		SolutionGuid = {57D3134C-00D3-4116-BAE9-E78F5F2C0963}
	EndGlobalSection
EndGlobal
